
Microsoft Visual Studio Solution File, Format Version 12.00
# Visual Studio Version 17
VisualStudioVersion = 17.9.34607.119
MinimumVisualStudioVersion = 10.0.40219.1
Project("{8BC9CEB8-8B4A-11D0-8D11-00A0C91BC942}") = "UAServer_XU", "UAServer_XU\UAServer_XU.vcxproj", "{0FE0E6CB-2BEF-4A05-A6B3-3374321767B1}"
EndProject
Global
	GlobalSection(SolutionConfigurationPlatforms) = preSolution
		Debug|x64 = Debug|x64
		Debug|x86 = Debug|x86
		Release|x64 = Release|x64
		Release|x86 = Release|x86
	EndGlobalSection
	GlobalSection(ProjectConfigurationPlatforms) = postSolution
		{0FE0E6CB-2BEF-4A05-A6B3-3374321767B1}.Debug|x64.ActiveCfg = Debug|x64
		{0FE0E6CB-2BEF-4A05-A6B3-3374321767B1}.Debug|x64.Build.0 = Debug|x64
		{0FE0E6CB-2BEF-4A05-A6B3-3374321767B1}.Debug|x86.ActiveCfg = Debug|Win32
		{0FE0E6CB-2BEF-4A05-A6B3-3374321767B1}.Debug|x86.Build.0 = Debug|Win32
		{0FE0E6CB-2BEF-4A05-A6B3-3374321767B1}.Release|x64.ActiveCfg = Release|x64
		{0FE0E6CB-2BEF-4A05-A6B3-3374321767B1}.Release|x64.Build.0 = Release|x64
		{0FE0E6CB-2BEF-4A05-A6B3-3374321767B1}.Release|x86.ActiveCfg = Release|Win32
		{0FE0E6CB-2BEF-4A05-A6B3-3374321767B1}.Release|x86.Build.0 = Release|Win32
	EndGlobalSection
	GlobalSection(SolutionProperties) = preSolution
		HideSolutionNode = FALSE
	EndGlobalSection
	GlobalSection(ExtensibilityGlobals) = postSolution
		SolutionGuid = {26D4ADBA-E5AA-488D-B8CB-D1F17BB80BFC}
	EndGlobalSection
EndGlobal
